// !$*UTF8*$!
{
	archiveVersion = 1;
	classes = {
	};
	objectVersion = 46;
	objects = {

/* Begin PBXBuildFile section */
		BC5F9E04187C031D00E7393F /* Foundation.framework in Frameworks */ = {isa = PBXBuildFile; fileRef = BC5F9E03187C031D00E7393F /* Foundation.framework */; };
		BC5F9E06187C031D00E7393F /* CoreGraphics.framework in Frameworks */ = {isa = PBXBuildFile; fileRef = BC5F9E05187C031D00E7393F /* CoreGraphics.framework */; };
		BC5F9E08187C031D00E7393F /* UIKit.framework in Frameworks */ = {isa = PBXBuildFile; fileRef = BC5F9E07187C031D00E7393F /* UIKit.framework */; };
		BC5F9E0E187C031D00E7393F /* InfoPlist.strings in Resources */ = {isa = PBXBuildFile; fileRef = BC5F9E0C187C031D00E7393F /* InfoPlist.strings */; };
		BC5F9E10187C031D00E7393F /* main.m in Sources */ = {isa = PBXBuildFile; fileRef = BC5F9E0F187C031D00E7393F /* main.m */; };
		BC5F9E14187C031D00E7393F /* AppDelegate.m in Sources */ = {isa = PBXBuildFile; fileRef = BC5F9E13187C031D00E7393F /* AppDelegate.m */; };
		BC5F9E17187C031D00E7393F /* Main.storyboard in Resources */ = {isa = PBXBuildFile; fileRef = BC5F9E15187C031D00E7393F /* Main.storyboard */; };
		BC5F9E1A187C031D00E7393F /* ViewController.m in Sources */ = {isa = PBXBuildFile; fileRef = BC5F9E19187C031D00E7393F /* ViewController.m */; };
		BC5F9E1C187C031D00E7393F /* Images.xcassets in Resources */ = {isa = PBXBuildFile; fileRef = BC5F9E1B187C031D00E7393F /* Images.xcassets */; };
		BC5F9E23187C031D00E7393F /* XCTest.framework in Frameworks */ = {isa = PBXBuildFile; fileRef = BC5F9E22187C031D00E7393F /* XCTest.framework */; };
		BC5F9E24187C031D00E7393F /* Foundation.framework in Frameworks */ = {isa = PBXBuildFile; fileRef = BC5F9E03187C031D00E7393F /* Foundation.framework */; };
		BC5F9E25187C031D00E7393F /* UIKit.framework in Frameworks */ = {isa = PBXBuildFile; fileRef = BC5F9E07187C031D00E7393F /* UIKit.framework */; };
		BC5F9E2D187C031D00E7393F /* InfoPlist.strings in Resources */ = {isa = PBXBuildFile; fileRef = BC5F9E2B187C031D00E7393F /* InfoPlist.strings */; };
		BC5F9E2F187C031D00E7393F /* ProxySampleTests.m in Sources */ = {isa = PBXBuildFile; fileRef = BC5F9E2E187C031D00E7393F /* ProxySampleTests.m */; };
		BC5F9E3A187C034300E7393F /* UserDefaults.m in Sources */ = {isa = PBXBuildFile; fileRef = BC5F9E39187C034300E7393F /* UserDefaults.m */; };
/* End PBXBuildFile section */

/* Begin PBXContainerItemProxy section */
		BC5F9E26187C031D00E7393F /* PBXContainerItemProxy */ = {
			isa = PBXContainerItemProxy;
			containerPortal = BC5F9DF8187C031D00E7393F /* Project object */;
			proxyType = 1;
			remoteGlobalIDString = BC5F9DFF187C031D00E7393F;
			remoteInfo = ProxySample;
		};
/* End PBXContainerItemProxy section */

/* Begin PBXFileReference section */
		BC5F9E00187C031D00E7393F /* ProxySample.app */ = {isa = PBXFileReference; explicitFileType = wrapper.application; includeInIndex = 0; path = ProxySample.app; sourceTree = BUILT_PRODUCTS_DIR; };
		BC5F9E03187C031D00E7393F /* Foundation.framework */ = {isa = PBXFileReference; lastKnownFileType = wrapper.framework; name = Foundation.framework; path = System/Library/Frameworks/Foundation.framework; sourceTree = SDKROOT; };
		BC5F9E05187C031D00E7393F /* CoreGraphics.framework */ = {isa = PBXFileReference; lastKnownFileType = wrapper.framework; name = CoreGraphics.framework; path = System/Library/Frameworks/CoreGraphics.framework; sourceTree = SDKROOT; };
		BC5F9E07187C031D00E7393F /* UIKit.framework */ = {isa = PBXFileReference; lastKnownFileType = wrapper.framework; name = UIKit.framework; path = System/Library/Frameworks/UIKit.framework; sourceTree = SDKROOT; };
		BC5F9E0B187C031D00E7393F /* ProxySample-Info.plist */ = {isa = PBXFileReference; lastKnownFileType = text.plist.xml; path = "ProxySample-Info.plist"; sourceTree = "<group>"; };
		BC5F9E0D187C031D00E7393F /* en */ = {isa = PBXFileReference; lastKnownFileType = text.plist.strings; name = en; path = en.lproj/InfoPlist.strings; sourceTree = "<group>"; };
		BC5F9E0F187C031D00E7393F /* main.m */ = {isa = PBXFileReference; lastKnownFileType = sourcecode.c.objc; path = main.m; sourceTree = "<group>"; };
		BC5F9E11187C031D00E7393F /* ProxySample-Prefix.pch */ = {isa = PBXFileReference; lastKnownFileType = sourcecode.c.h; path = "ProxySample-Prefix.pch"; sourceTree = "<group>"; };
		BC5F9E12187C031D00E7393F /* AppDelegate.h */ = {isa = PBXFileReference; lastKnownFileType = sourcecode.c.h; path = AppDelegate.h; sourceTree = "<group>"; };
		BC5F9E13187C031D00E7393F /* AppDelegate.m */ = {isa = PBXFileReference; lastKnownFileType = sourcecode.c.objc; path = AppDelegate.m; sourceTree = "<group>"; };
		BC5F9E16187C031D00E7393F /* Base */ = {isa = PBXFileReference; lastKnownFileType = file.storyboard; name = Base; path = Base.lproj/Main.storyboard; sourceTree = "<group>"; };
		BC5F9E18187C031D00E7393F /* ViewController.h */ = {isa = PBXFileReference; lastKnownFileType = sourcecode.c.h; path = ViewController.h; sourceTree = "<group>"; };
		BC5F9E19187C031D00E7393F /* ViewController.m */ = {isa = PBXFileReference; lastKnownFileType = sourcecode.c.objc; path = ViewController.m; sourceTree = "<group>"; };
		BC5F9E1B187C031D00E7393F /* Images.xcassets */ = {isa = PBXFileReference; lastKnownFileType = folder.assetcatalog; path = Images.xcassets; sourceTree = "<group>"; };
		BC5F9E21187C031D00E7393F /* ProxySampleTests.xctest */ = {isa = PBXFileReference; explicitFileType = wrapper.cfbundle; includeInIndex = 0; path = ProxySampleTests.xctest; sourceTree = BUILT_PRODUCTS_DIR; };
		BC5F9E22187C031D00E7393F /* XCTest.framework */ = {isa = PBXFileReference; lastKnownFileType = wrapper.framework; name = XCTest.framework; path = Library/Frameworks/XCTest.framework; sourceTree = DEVELOPER_DIR; };
		BC5F9E2A187C031D00E7393F /* ProxySampleTests-Info.plist */ = {isa = PBXFileReference; lastKnownFileType = text.plist.xml; path = "ProxySampleTests-Info.plist"; sourceTree = "<group>"; };
		BC5F9E2C187C031D00E7393F /* en */ = {isa = PBXFileReference; lastKnownFileType = text.plist.strings; name = en; path = en.lproj/InfoPlist.strings; sourceTree = "<group>"; };
		BC5F9E2E187C031D00E7393F /* ProxySampleTests.m */ = {isa = PBXFileReference; lastKnownFileType = sourcecode.c.objc; path = ProxySampleTests.m; sourceTree = "<group>"; };
		BC5F9E38187C034300E7393F /* UserDefaults.h */ = {isa = PBXFileReference; fileEncoding = 4; lastKnownFileType = sourcecode.c.h; path = UserDefaults.h; sourceTree = "<group>"; };
		BC5F9E39187C034300E7393F /* UserDefaults.m */ = {isa = PBXFileReference; fileEncoding = 4; lastKnownFileType = sourcecode.c.objc; path = UserDefaults.m; sourceTree = "<group>"; };
/* End PBXFileReference section */

/* Begin PBXFrameworksBuildPhase section */
		BC5F9DFD187C031D00E7393F /* Frameworks */ = {
			isa = PBXFrameworksBuildPhase;
			buildActionMask = 2147483647;
			files = (
				BC5F9E06187C031D00E7393F /* CoreGraphics.framework in Frameworks */,
				BC5F9E08187C031D00E7393F /* UIKit.framework in Frameworks */,
				BC5F9E04187C031D00E7393F /* Foundation.framework in Frameworks */,
			);
			runOnlyForDeploymentPostprocessing = 0;
		};
		BC5F9E1E187C031D00E7393F /* Frameworks */ = {
			isa = PBXFrameworksBuildPhase;
			buildActionMask = 2147483647;
			files = (
				BC5F9E23187C031D00E7393F /* XCTest.framework in Frameworks */,
				BC5F9E25187C031D00E7393F /* UIKit.framework in Frameworks */,
				BC5F9E24187C031D00E7393F /* Foundation.framework in Frameworks */,
			);
			runOnlyForDeploymentPostprocessing = 0;
		};
/* End PBXFrameworksBuildPhase section */

/* Begin PBXGroup section */
		BC5F9DF7187C031D00E7393F = {
			isa = PBXGroup;
			children = (
				BC5F9E09187C031D00E7393F /* ProxySample */,
				BC5F9E28187C031D00E7393F /* ProxySampleTests */,
				BC5F9E02187C031D00E7393F /* Frameworks */,
				BC5F9E01187C031D00E7393F /* Products */,
			);
			sourceTree = "<group>";
		};
		BC5F9E01187C031D00E7393F /* Products */ = {
			isa = PBXGroup;
			children = (
				BC5F9E00187C031D00E7393F /* ProxySample.app */,
				BC5F9E21187C031D00E7393F /* ProxySampleTests.xctest */,
			);
			name = Products;
			sourceTree = "<group>";
		};
		BC5F9E02187C031D00E7393F /* Frameworks */ = {
			isa = PBXGroup;
			children = (
				BC5F9E03187C031D00E7393F /* Foundation.framework */,
				BC5F9E05187C031D00E7393F /* CoreGraphics.framework */,
				BC5F9E07187C031D00E7393F /* UIKit.framework */,
				BC5F9E22187C031D00E7393F /* XCTest.framework */,
			);
			name = Frameworks;
			sourceTree = "<group>";
		};
		BC5F9E09187C031D00E7393F /* ProxySample */ = {
			isa = PBXGroup;
			children = (
				BC5F9E12187C031D00E7393F /* AppDelegate.h */,
				BC5F9E13187C031D00E7393F /* AppDelegate.m */,
				BC5F9E15187C031D00E7393F /* Main.storyboard */,
				BC5F9E18187C031D00E7393F /* ViewController.h */,
				BC5F9E19187C031D00E7393F /* ViewController.m */,
				BC5F9E38187C034300E7393F /* UserDefaults.h */,
				BC5F9E39187C034300E7393F /* UserDefaults.m */,
				BC5F9E1B187C031D00E7393F /* Images.xcassets */,
				BC5F9E0A187C031D00E7393F /* Supporting Files */,
			);
			path = ProxySample;
			sourceTree = "<group>";
		};
		BC5F9E0A187C031D00E7393F /* Supporting Files */ = {
			isa = PBXGroup;
			children = (
				BC5F9E0B187C031D00E7393F /* ProxySample-Info.plist */,
				BC5F9E0C187C031D00E7393F /* InfoPlist.strings */,
				BC5F9E0F187C031D00E7393F /* main.m */,
				BC5F9E11187C031D00E7393F /* ProxySample-Prefix.pch */,
			);
			name = "Supporting Files";
			sourceTree = "<group>";
		};
		BC5F9E28187C031D00E7393F /* ProxySampleTests */ = {
			isa = PBXGroup;
			children = (
				BC5F9E2E187C031D00E7393F /* ProxySampleTests.m */,
				BC5F9E29187C031D00E7393F /* Supporting Files */,
			);
			path = ProxySampleTests;
			sourceTree = "<group>";
		};
		BC5F9E29187C031D00E7393F /* Supporting Files */ = {
			isa = PBXGroup;
			children = (
				BC5F9E2A187C031D00E7393F /* ProxySampleTests-Info.plist */,
				BC5F9E2B187C031D00E7393F /* InfoPlist.strings */,
			);
			name = "Supporting Files";
			sourceTree = "<group>";
		};
/* End PBXGroup section */

/* Begin PBXNativeTarget section */
		BC5F9DFF187C031D00E7393F /* ProxySample */ = {
			isa = PBXNativeTarget;
			buildConfigurationList = BC5F9E32187C031D00E7393F /* Build configuration list for PBXNativeTarget "ProxySample" */;
			buildPhases = (
				BC5F9DFC187C031D00E7393F /* Sources */,
				BC5F9DFD187C031D00E7393F /* Frameworks */,
				BC5F9DFE187C031D00E7393F /* Resources */,
			);
			buildRules = (
			);
			dependencies = (
			);
			name = ProxySample;
			productName = ProxySample;
			productReference = BC5F9E00187C031D00E7393F /* ProxySample.app */;
			productType = "com.apple.product-type.application";
		};
		BC5F9E20187C031D00E7393F /* ProxySampleTests */ = {
			isa = PBXNativeTarget;
			buildConfigurationList = BC5F9E35187C031D00E7393F /* Build configuration list for PBXNativeTarget "ProxySampleTests" */;
			buildPhases = (
				BC5F9E1D187C031D00E7393F /* Sources */,
				BC5F9E1E187C031D00E7393F /* Frameworks */,
				BC5F9E1F187C031D00E7393F /* Resources */,
			);
			buildRules = (
			);
			dependencies = (
				BC5F9E27187C031D00E7393F /* PBXTargetDependency */,
			);
			name = ProxySampleTests;
			productName = ProxySampleTests;
			productReference = BC5F9E21187C031D00E7393F /* ProxySampleTests.xctest */;
			productType = "com.apple.product-type.bundle.unit-test";
		};
/* End PBXNativeTarget section */

/* Begin PBXProject section */
		BC5F9DF8187C031D00E7393F /* Project object */ = {
			isa = PBXProject;
			attributes = {
				LastUpgradeCheck = 0500;
				ORGANIZATIONNAME = lakesoft;
				TargetAttributes = {
					BC5F9E20187C031D00E7393F = {
						TestTargetID = BC5F9DFF187C031D00E7393F;
					};
				};
			};
			buildConfigurationList = BC5F9DFB187C031D00E7393F /* Build configuration list for PBXProject "ProxySample" */;
			compatibilityVersion = "Xcode 3.2";
			developmentRegion = English;
			hasScannedForEncodings = 0;
			knownRegions = (
				en,
				Base,
			);
			mainGroup = BC5F9DF7187C031D00E7393F;
			productRefGroup = BC5F9E01187C031D00E7393F /* Products */;
			projectDirPath = "";
			projectRoot = "";
			targets = (
				BC5F9DFF187C031D00E7393F /* ProxySample */,
				BC5F9E20187C031D00E7393F /* ProxySampleTests */,
			);
		};
/* End PBXProject section */

/* Begin PBXResourcesBuildPhase section */
		BC5F9DFE187C031D00E7393F /* Resources */ = {
			isa = PBXResourcesBuildPhase;
			buildActionMask = 2147483647;
			files = (
				BC5F9E1C187C031D00E7393F /* Images.xcassets in Resources */,
				BC5F9E0E187C031D00E7393F /* InfoPlist.strings in Resources */,
				BC5F9E17187C031D00E7393F /* Main.storyboard in Resources */,
			);
			runOnlyForDeploymentPostprocessing = 0;
		};
		BC5F9E1F187C031D00E7393F /* Resources */ = {
			isa = PBXResourcesBuildPhase;
			buildActionMask = 2147483647;
			files = (
				BC5F9E2D187C031D00E7393F /* InfoPlist.strings in Resources */,
			);
			runOnlyForDeploymentPostprocessing = 0;
		};
/* End PBXResourcesBuildPhase section */

/* Begin PBXSourcesBuildPhase section */
		BC5F9DFC187C031D00E7393F /* Sources */ = {
			isa = PBXSourcesBuildPhase;
			buildActionMask = 2147483647;
			files = (
				BC5F9E3A187C034300E7393F /* UserDefaults.m in Sources */,
				BC5F9E1A187C031D00E7393F /* ViewController.m in Sources */,
				BC5F9E14187C031D00E7393F /* AppDelegate.m in Sources */,
				BC5F9E10187C031D00E7393F /* main.m in Sources */,
			);
			runOnlyForDeploymentPostprocessing = 0;
		};
		BC5F9E1D187C031D00E7393F /* Sources */ = {
			isa = PBXSourcesBuildPhase;
			buildActionMask = 2147483647;
			files = (
				BC5F9E2F187C031D00E7393F /* ProxySampleTests.m in Sources */,
			);
			runOnlyForDeploymentPostprocessing = 0;
		};
/* End PBXSourcesBuildPhase section */

/* Begin PBXTargetDependency section */
		BC5F9E27187C031D00E7393F /* PBXTargetDependency */ = {
			isa = PBXTargetDependency;
			target = BC5F9DFF187C031D00E7393F /* ProxySample */;
			targetProxy = BC5F9E26187C031D00E7393F /* PBXContainerItemProxy */;
		};
/* End PBXTargetDependency section */

/* Begin PBXVariantGroup section */
		BC5F9E0C187C031D00E7393F /* InfoPlist.strings */ = {
			isa = PBXVariantGroup;
			children = (
				BC5F9E0D187C031D00E7393F /* en */,
			);
			name = InfoPlist.strings;
			sourceTree = "<group>";
		};
		BC5F9E15187C031D00E7393F /* Main.storyboard */ = {
			isa = PBXVariantGroup;
			children = (
				BC5F9E16187C031D00E7393F /* Base */,
			);
			name = Main.storyboard;
			sourceTree = "<group>";
		};
		BC5F9E2B187C031D00E7393F /* InfoPlist.strings */ = {
			isa = PBXVariantGroup;
			children = (
				BC5F9E2C187C031D00E7393F /* en */,
			);
			name = InfoPlist.strings;
			sourceTree = "<group>";
		};
/* End PBXVariantGroup section */

/* Begin XCBuildConfiguration section */
		BC5F9E30187C031D00E7393F /* Debug */ = {
			isa = XCBuildConfiguration;
			buildSettings = {
				ALWAYS_SEARCH_USER_PATHS = NO;
				ARCHS = "$(ARCHS_STANDARD_INCLUDING_64_BIT)";
				CLANG_CXX_LANGUAGE_STANDARD = "gnu++0x";
				CLANG_CXX_LIBRARY = "libc++";
				CLANG_ENABLE_MODULES = YES;
				CLANG_ENABLE_OBJC_ARC = YES;
				CLANG_WARN_BOOL_CONVERSION = YES;
				CLANG_WARN_CONSTANT_CONVERSION = YES;
				CLANG_WARN_DIRECT_OBJC_ISA_USAGE = YES_ERROR;
				CLANG_WARN_EMPTY_BODY = YES;
				CLANG_WARN_ENUM_CONVERSION = YES;
				CLANG_WARN_INT_CONVERSION = YES;
				CLANG_WARN_OBJC_ROOT_CLASS = YES_ERROR;
				CLANG_WARN__DUPLICATE_METHOD_MATCH = YES;
				"CODE_SIGN_IDENTITY[sdk=iphoneos*]" = "iPhone Developer";
				COPY_PHASE_STRIP = NO;
				GCC_C_LANGUAGE_STANDARD = gnu99;
				GCC_DYNAMIC_NO_PIC = NO;
				GCC_OPTIMIZATION_LEVEL = 0;
				GCC_PREPROCESSOR_DEFINITIONS = (
					"DEBUG=1",
					"$(inherited)",
				);
				GCC_SYMBOLS_PRIVATE_EXTERN = NO;
				GCC_WARN_64_TO_32_BIT_CONVERSION = YES;
				GCC_WARN_ABOUT_RETURN_TYPE = YES_ERROR;
				GCC_WARN_UNDECLARED_SELECTOR = YES;
				GCC_WARN_UNINITIALIZED_AUTOS = YES;
				GCC_WARN_UNUSED_FUNCTION = YES;
				GCC_WARN_UNUSED_VARIABLE = YES;
				IPHONEOS_DEPLOYMENT_TARGET = 7.0;
				ONLY_ACTIVE_ARCH = YES;
				SDKROOT = iphoneos;
			};
			name = Debug;
		};
		BC5F9E31187C031D00E7393F /* Release */ = {
			isa = XCBuildConfiguration;
			buildSettings = {
				ALWAYS_SEARCH_USER_PATHS = NO;
				ARCHS = "$(ARCHS_STANDARD_INCLUDING_64_BIT)";
				CLANG_CXX_LANGUAGE_STANDARD = "gnu++0x";
				CLANG_CXX_LIBRARY = "libc++";
				CLANG_ENABLE_MODULES = YES;
				CLANG_ENABLE_OBJC_ARC = YES;
				CLANG_WARN_BOOL_CONVERSION = YES;
				CLANG_WARN_CONSTANT_CONVERSION = YES;
				CLANG_WARN_DIRECT_OBJC_ISA_USAGE = YES_ERROR;
				CLANG_WARN_EMPTY_BODY = YES;
				CLANG_WARN_ENUM_CONVERSION = YES;
				CLANG_WARN_INT_CONVERSION = YES;
				CLANG_WARN_OBJC_ROOT_CLASS = YES_ERROR;
				CLANG_WARN__DUPLICATE_METHOD_MATCH = YES;
				"CODE_SIGN_IDENTITY[sdk=iphoneos*]" = "iPhone Developer";
				COPY_PHASE_STRIP = YES;
				ENABLE_NS_ASSERTIONS = NO;
				GCC_C_LANGUAGE_STANDARD = gnu99;
				GCC_WARN_64_TO_32_BIT_CONVERSION = YES;
				GCC_WARN_ABOUT_RETURN_TYPE = YES_ERROR;
				GCC_WARN_UNDECLARED_SELECTOR = YES;
				GCC_WARN_UNINITIALIZED_AUTOS = YES;
				GCC_WARN_UNUSED_FUNCTION = YES;
				GCC_WARN_UNUSED_VARIABLE = YES;
				IPHONEOS_DEPLOYMENT_TARGET = 7.0;
				SDKROOT = iphoneos;
				VALIDATE_PRODUCT = YES;
			};
			name = Release;
		};
		BC5F9E33187C031D00E7393F /* Debug */ = {
			isa = XCBuildConfiguration;
			buildSettings = {
				ASSETCATALOG_COMPILER_APPICON_NAME = AppIcon;
				ASSETCATALOG_COMPILER_LAUNCHIMAGE_NAME = LaunchImage;
				GCC_PRECOMPILE_PREFIX_HEADER = YES;
				GCC_PREFIX_HEADER = "ProxySample/ProxySample-Prefix.pch";
				INFOPLIST_FILE = "ProxySample/ProxySample-Info.plist";
				PRODUCT_NAME = "$(TARGET_NAME)";
				WRAPPER_EXTENSION = app;
			};
			name = Debug;
		};
		BC5F9E34187C031D00E7393F /* Release */ = {
			isa = XCBuildConfiguration;
			buildSettings = {
				ASSETCATALOG_COMPILER_APPICON_NAME = AppIcon;
				ASSETCATALOG_COMPILER_LAUNCHIMAGE_NAME = LaunchImage;
				GCC_PRECOMPILE_PREFIX_HEADER = YES;
				GCC_PREFIX_HEADER = "ProxySample/ProxySample-Prefix.pch";
				INFOPLIST_FILE = "ProxySample/ProxySample-Info.plist";
				PRODUCT_NAME = "$(TARGET_NAME)";
				WRAPPER_EXTENSION = app;
			};
			name = Release;
		};
		BC5F9E36187C031D00E7393F /* Debug */ = {
			isa = XCBuildConfiguration;
			buildSettings = {
				ARCHS = "$(ARCHS_STANDARD_INCLUDING_64_BIT)";
				BUNDLE_LOADER = "$(BUILT_PRODUCTS_DIR)/ProxySample.app/ProxySample";
				FRAMEWORK_SEARCH_PATHS = (
					"$(SDKROOT)/Developer/Library/Frameworks",
					"$(inherited)",
					"$(DEVELOPER_FRAMEWORKS_DIR)",
				);
				GCC_PRECOMPILE_PREFIX_HEADER = YES;
				GCC_PREFIX_HEADER = "ProxySample/ProxySample-Prefix.pch";
				GCC_PREPROCESSOR_DEFINITIONS = (
					"DEBUG=1",
					"$(inherited)",
				);
				INFOPLIST_FILE = "ProxySampleTests/ProxySampleTests-Info.plist";
				PRODUCT_NAME = "$(TARGET_NAME)";
				TEST_HOST = "$(BUNDLE_LOADER)";
				WRAPPER_EXTENSION = xctest;
			};
			name = Debug;
		};
		BC5F9E37187C031D00E7393F /* Release */ = {
			isa = XCBuildConfiguration;
			buildSettings = {
				ARCHS = "$(ARCHS_STANDARD_INCLUDING_64_BIT)";
				BUNDLE_LOADER = "$(BUILT_PRODUCTS_DIR)/ProxySample.app/ProxySample";
				FRAMEWORK_SEARCH_PATHS = (
					"$(SDKROOT)/Developer/Library/Frameworks",
					"$(inherited)",
					"$(DEVELOPER_FRAMEWORKS_DIR)",
				);
				GCC_PRECOMPILE_PREFIX_HEADER = YES;
				GCC_PREFIX_HEADER = "ProxySample/ProxySample-Prefix.pch";
				INFOPLIST_FILE = "ProxySampleTests/ProxySampleTests-Info.plist";
				PRODUCT_NAME = "$(TARGET_NAME)";
				TEST_HOST = "$(BUNDLE_LOADER)";
				WRAPPER_EXTENSION = xctest;
			};
			name = Release;
		};
/* End XCBuildConfiguration section */

/* Begin XCConfigurationList section */
		BC5F9DFB187C031D00E7393F /* Build configuration list for PBXProject "ProxySample" */ = {
			isa = XCConfigurationList;
			buildConfigurations = (
				BC5F9E30187C031D00E7393F /* Debug */,
				BC5F9E31187C031D00E7393F /* Release */,
			);
			defaultConfigurationIsVisible = 0;
			defaultConfigurationName = Release;
		};
		BC5F9E32187C031D00E7393F /* Build configuration list for PBXNativeTarget "ProxySample" */ = {
			isa = XCConfigurationList;
			buildConfigurations = (
				BC5F9E33187C031D00E7393F /* Debug */,
				BC5F9E34187C031D00E7393F /* Release */,
			);
			defaultConfigurationIsVisible = 0;
		};
		BC5F9E35187C031D00E7393F /* Build configuration list for PBXNativeTarget "ProxySampleTests" */ = {
			isa = XCConfigurationList;
			buildConfigurations = (
				BC5F9E36187C031D00E7393F /* Debug */,
				BC5F9E37187C031D00E7393F /* Release */,
			);
			defaultConfigurationIsVisible = 0;
		};
/* End XCConfigurationList section */
	};
	rootObject = BC5F9DF8187C031D00E7393F /* Project object */;
}
